{
  "name": "my-uniapp",
  "version": "1.0.0",
  "lockfileVersion": 1,
  "requires": true,
  "dependencies": {
    "@popperjs/core": {
      "version": "2.11.5",
      "resolved": "https://registry.npmmirror.com/@popperjs/core/-/core-2.11.5.tgz",
      "integrity": "sha512-9X2obfABZuDVLCgPK9aX0a/x4jaOEweTTWE2+9sr0Qqqevj2Uv5XorvusThmc9XGYpS9yI+fhh8RTafBtGposw=="
    },
    "@vant/icons": {
      "version": "1.8.0",
      "resolved": "https://registry.npmmirror.com/@vant/icons/-/icons-1.8.0.tgz",
      "integrity": "sha512-sKfEUo2/CkQFuERxvkuF6mGQZDKu3IQdj5rV9Fm0weJXtchDSSQ+zt8qPCNUEhh9Y8shy5PzxbvAfOOkCwlCXg=="
    },
    "@vant/popperjs": {
      "version": "1.2.1",
      "resolved": "https://registry.npmmirror.com/@vant/popperjs/-/popperjs-1.2.1.tgz",
      "integrity": "sha512-qzQlrPE4aOsBzfrktDVwzQy/QICCTKifmjrruhY58+Q2fobUYp/T9QINluIafzsD3VJwgP8+HFVLBsyDmy3VZQ==",
      "requires": {
        "@popperjs/core": "^2.9.2"
      }
    },
    "@vant/use": {
      "version": "1.4.1",
      "resolved": "https://registry.npmmirror.com/@vant/use/-/use-1.4.1.tgz",
      "integrity": "sha512-YonNN0SuJLEJuqdoMcVAJm2JUZWkHNrW81QzeF6FLyG5HFUGlmTM5Sby7gdS3Z/8UDMlkWRQpJxBWbmVzmUWxQ=="
    },
    "vant": {
      "version": "3.5.2",
      "resolved": "https://registry.npmmirror.com/vant/-/vant-3.5.2.tgz",
      "integrity": "sha512-RR2SEE/ZHH30Z7a9iLBxskvSzs8rwaU2vDhR7HtBjgXreADzGjU75XxV2ogwrtaj2YU1IaBYC8xXjn3VXRxREw==",
      "requires": {
        "@vant/icons": "^1.8.0",
        "@vant/popperjs": "^1.2.1",
        "@vant/use": "^1.4.1"
      }
    }
  }
}
